{
  "requires": true,
  "lockfileVersion": 1,
  "dependencies": {
    "ag-grid-angular": {
      "version": "20.2.0",
      "resolved": "https://registry.npmjs.org/ag-grid-angular/-/ag-grid-angular-20.2.0.tgz",
      "integrity": "sha512-Rh7CKTXz7PvAddbwCP92oRx0Ng60eU6ybDa+qnPijC/MPv0VvNW89JjgxVQp0EVBn6GRnezrHGIVOi6uzyiSqQ=="
    },
    "ag-grid-community": {
      "version": "20.2.0",
      "resolved": "https://registry.npmjs.org/ag-grid-community/-/ag-grid-community-20.2.0.tgz",
      "integrity": "sha512-3oAzg58lenhpyIfZ6dBp6cCE+PEoh0N+OSci2+k5fHROn8PMrginAkygONDd068E2NC+qfmDNRkU2WjPgiH/BA=="
    }
  }
}
